
Microsoft Visual Studio Solution File, Format Version 12.00
# Visual Studio Version 17
VisualStudioVersion = 17.0.31903.59
MinimumVisualStudioVersion = 10.0.40219.1
Project("{FAE04EC0-301F-11D3-BF4B-00C04F79EFBC}") = "DemoCiPipeline", "DemoCiPipeline.csproj", "{D1A6DE9C-A054-4653-9B3F-D32861AEC086}"
EndProject
Project("{FAE04EC0-301F-11D3-BF4B-00C04F79EFBC}") = "DemoCiPipeline.Tests", "DemoCiPipeline.Tests\DemoCiPipeline.Tests.csproj", "{3CAF26F1-F12D-4CC7-ACCB-29B0D6F9A429}"
EndProject
Global
	GlobalSection(SolutionConfigurationPlatforms) = preSolution
		Debug|Any CPU = Debug|Any CPU
		Debug|x64 = Debug|x64
		Debug|x86 = Debug|x86
		Release|Any CPU = Release|Any CPU
		Release|x64 = Release|x64
		Release|x86 = Release|x86
	EndGlobalSection
	GlobalSection(ProjectConfigurationPlatforms) = postSolution
		{D1A6DE9C-A054-4653-9B3F-D32861AEC086}.Debug|Any CPU.ActiveCfg = Debug|Any CPU
		{D1A6DE9C-A054-4653-9B3F-D32861AEC086}.Debug|Any CPU.Build.0 = Debug|Any CPU
		{D1A6DE9C-A054-4653-9B3F-D32861AEC086}.Debug|x64.ActiveCfg = Debug|Any CPU
		{D1A6DE9C-A054-4653-9B3F-D32861AEC086}.Debug|x64.Build.0 = Debug|Any CPU
		{D1A6DE9C-A054-4653-9B3F-D32861AEC086}.Debug|x86.ActiveCfg = Debug|Any CPU
		{D1A6DE9C-A054-4653-9B3F-D32861AEC086}.Debug|x86.Build.0 = Debug|Any CPU
		{D1A6DE9C-A054-4653-9B3F-D32861AEC086}.Release|Any CPU.ActiveCfg = Release|Any CPU
		{D1A6DE9C-A054-4653-9B3F-D32861AEC086}.Release|Any CPU.Build.0 = Release|Any CPU
		{D1A6DE9C-A054-4653-9B3F-D32861AEC086}.Release|x64.ActiveCfg = Release|Any CPU
		{D1A6DE9C-A054-4653-9B3F-D32861AEC086}.Release|x64.Build.0 = Release|Any CPU
		{D1A6DE9C-A054-4653-9B3F-D32861AEC086}.Release|x86.ActiveCfg = Release|Any CPU
		{D1A6DE9C-A054-4653-9B3F-D32861AEC086}.Release|x86.Build.0 = Release|Any CPU
		{3CAF26F1-F12D-4CC7-ACCB-29B0D6F9A429}.Debug|Any CPU.ActiveCfg = Debug|Any CPU
		{3CAF26F1-F12D-4CC7-ACCB-29B0D6F9A429}.Debug|Any CPU.Build.0 = Debug|Any CPU
		{3CAF26F1-F12D-4CC7-ACCB-29B0D6F9A429}.Debug|x64.ActiveCfg = Debug|Any CPU
		{3CAF26F1-F12D-4CC7-ACCB-29B0D6F9A429}.Debug|x64.Build.0 = Debug|Any CPU
		{3CAF26F1-F12D-4CC7-ACCB-29B0D6F9A429}.Debug|x86.ActiveCfg = Debug|Any CPU
		{3CAF26F1-F12D-4CC7-ACCB-29B0D6F9A429}.Debug|x86.Build.0 = Debug|Any CPU
		{3CAF26F1-F12D-4CC7-ACCB-29B0D6F9A429}.Release|Any CPU.ActiveCfg = Release|Any CPU
		{3CAF26F1-F12D-4CC7-ACCB-29B0D6F9A429}.Release|Any CPU.Build.0 = Release|Any CPU
		{3CAF26F1-F12D-4CC7-ACCB-29B0D6F9A429}.Release|x64.ActiveCfg = Release|Any CPU
		{3CAF26F1-F12D-4CC7-ACCB-29B0D6F9A429}.Release|x64.Build.0 = Release|Any CPU
		{3CAF26F1-F12D-4CC7-ACCB-29B0D6F9A429}.Release|x86.ActiveCfg = Release|Any CPU
		{3CAF26F1-F12D-4CC7-ACCB-29B0D6F9A429}.Release|x86.Build.0 = Release|Any CPU
	EndGlobalSection
	GlobalSection(SolutionProperties) = preSolution
		HideSolutionNode = FALSE
	EndGlobalSection
EndGlobal
